
Microsoft Visual Studio Solution File, Format Version 12.00
# Visual Studio Version 16
VisualStudioVersion = 16.0.28315.86
MinimumVisualStudioVersion = 10.0.40219.1
Project("{9A19103F-16F7-4668-BE54-9A1E7A4F7556}") = "TDSCPServer", "TDS-CP-Server\TDSCPServer.csproj", "{0BF6DD23-F50F-42D2-BA43-86F5DA2E59AF}"
EndProject
Project("{9A19103F-16F7-4668-BE54-9A1E7A4F7556}") = "TDS_Server", "TDS_Server\TDS_Server.csproj", "{E05649D8-0202-4FFC-8EE9-79E98F4CC866}"
	ProjectSection(ProjectDependencies) = postProject
		{6B6B462A-3A21-4624-9E07-F09020BCF48C} = {6B6B462A-3A21-4624-9E07-F09020BCF48C}
	EndProjectSection
EndProject
Project("{9A19103F-16F7-4668-BE54-9A1E7A4F7556}") = "TDS_Client", "TDS_Client\TDS_Client.csproj", "{6B6B462A-3A21-4624-9E07-F09020BCF48C}"
EndProject
Project("{9A19103F-16F7-4668-BE54-9A1E7A4F7556}") = "TDS_Common", "TDS_Common\TDS_Common.csproj", "{FADB6D4A-1502-4912-A565-FD5F2F009387}"
EndProject
Project("{9A19103F-16F7-4668-BE54-9A1E7A4F7556}") = "TDS_Server_DB", "TDS_Server_DB\TDS_Server_DB.csproj", "{9BB400CB-EE8D-4DA8-9EDB-B5B115757614}"
EndProject
Project("{2150E333-8FDC-42A3-9474-1A3956D46DE8}") = "Solution Items", "Solution Items", "{8FBF85CE-00FC-45A3-BB26-4D2120F025CE}"
	ProjectSection(SolutionItems) = preProject
		.gitignore = .gitignore
		global.json = global.json
		TDS_Client\MapEditor2.cs = TDS_Client\MapEditor2.cs
	EndProjectSection
EndProject
Global
	GlobalSection(SolutionConfigurationPlatforms) = preSolution
		Debug|Any CPU = Debug|Any CPU
		Debug|x64 = Debug|x64
		Release|Any CPU = Release|Any CPU
		Release|x64 = Release|x64
		Server|Any CPU = Server|Any CPU
		Server|x64 = Server|x64
	EndGlobalSection
	GlobalSection(ProjectConfigurationPlatforms) = postSolution
		{0BF6DD23-F50F-42D2-BA43-86F5DA2E59AF}.Debug|Any CPU.ActiveCfg = Debug|Any CPU
		{0BF6DD23-F50F-42D2-BA43-86F5DA2E59AF}.Debug|Any CPU.Build.0 = Debug|Any CPU
		{0BF6DD23-F50F-42D2-BA43-86F5DA2E59AF}.Debug|x64.ActiveCfg = Debug|Any CPU
		{0BF6DD23-F50F-42D2-BA43-86F5DA2E59AF}.Debug|x64.Build.0 = Debug|Any CPU
		{0BF6DD23-F50F-42D2-BA43-86F5DA2E59AF}.Release|Any CPU.ActiveCfg = Release|Any CPU
		{0BF6DD23-F50F-42D2-BA43-86F5DA2E59AF}.Release|Any CPU.Build.0 = Release|Any CPU
		{0BF6DD23-F50F-42D2-BA43-86F5DA2E59AF}.Release|x64.ActiveCfg = Release|Any CPU
		{0BF6DD23-F50F-42D2-BA43-86F5DA2E59AF}.Release|x64.Build.0 = Release|Any CPU
		{0BF6DD23-F50F-42D2-BA43-86F5DA2E59AF}.Server|Any CPU.ActiveCfg = Debug|Any CPU
		{0BF6DD23-F50F-42D2-BA43-86F5DA2E59AF}.Server|Any CPU.Build.0 = Debug|Any CPU
		{0BF6DD23-F50F-42D2-BA43-86F5DA2E59AF}.Server|x64.ActiveCfg = Debug|Any CPU
		{0BF6DD23-F50F-42D2-BA43-86F5DA2E59AF}.Server|x64.Build.0 = Debug|Any CPU
		{E05649D8-0202-4FFC-8EE9-79E98F4CC866}.Debug|Any CPU.ActiveCfg = Debug|x64
		{E05649D8-0202-4FFC-8EE9-79E98F4CC866}.Debug|Any CPU.Build.0 = Debug|x64
		{E05649D8-0202-4FFC-8EE9-79E98F4CC866}.Debug|x64.ActiveCfg = Debug|x64
		{E05649D8-0202-4FFC-8EE9-79E98F4CC866}.Debug|x64.Build.0 = Debug|x64
		{E05649D8-0202-4FFC-8EE9-79E98F4CC866}.Release|Any CPU.ActiveCfg = Release|Any CPU
		{E05649D8-0202-4FFC-8EE9-79E98F4CC866}.Release|Any CPU.Build.0 = Release|Any CPU
		{E05649D8-0202-4FFC-8EE9-79E98F4CC866}.Release|x64.ActiveCfg = Release|Any CPU
		{E05649D8-0202-4FFC-8EE9-79E98F4CC866}.Release|x64.Build.0 = Release|Any CPU
		{E05649D8-0202-4FFC-8EE9-79E98F4CC866}.Server|Any CPU.ActiveCfg = Debug|Any CPU
		{E05649D8-0202-4FFC-8EE9-79E98F4CC866}.Server|Any CPU.Build.0 = Debug|Any CPU
		{E05649D8-0202-4FFC-8EE9-79E98F4CC866}.Server|x64.ActiveCfg = Debug|Any CPU
		{E05649D8-0202-4FFC-8EE9-79E98F4CC866}.Server|x64.Build.0 = Debug|Any CPU
		{6B6B462A-3A21-4624-9E07-F09020BCF48C}.Debug|Any CPU.ActiveCfg = Debug|x64
		{6B6B462A-3A21-4624-9E07-F09020BCF48C}.Debug|Any CPU.Build.0 = Debug|x64
		{6B6B462A-3A21-4624-9E07-F09020BCF48C}.Debug|x64.ActiveCfg = Debug|x64
		{6B6B462A-3A21-4624-9E07-F09020BCF48C}.Debug|x64.Build.0 = Debug|x64
		{6B6B462A-3A21-4624-9E07-F09020BCF48C}.Release|Any CPU.ActiveCfg = Release|Any CPU
		{6B6B462A-3A21-4624-9E07-F09020BCF48C}.Release|Any CPU.Build.0 = Release|Any CPU
		{6B6B462A-3A21-4624-9E07-F09020BCF48C}.Release|x64.ActiveCfg = Release|Any CPU
		{6B6B462A-3A21-4624-9E07-F09020BCF48C}.Release|x64.Build.0 = Release|Any CPU
		{6B6B462A-3A21-4624-9E07-F09020BCF48C}.Server|Any CPU.ActiveCfg = Debug|Any CPU
		{6B6B462A-3A21-4624-9E07-F09020BCF48C}.Server|Any CPU.Build.0 = Debug|Any CPU
		{6B6B462A-3A21-4624-9E07-F09020BCF48C}.Server|x64.ActiveCfg = Debug|Any CPU
		{6B6B462A-3A21-4624-9E07-F09020BCF48C}.Server|x64.Build.0 = Debug|Any CPU
		{FADB6D4A-1502-4912-A565-FD5F2F009387}.Debug|Any CPU.ActiveCfg = Debug|x64
		{FADB6D4A-1502-4912-A565-FD5F2F009387}.Debug|Any CPU.Build.0 = Debug|x64
		{FADB6D4A-1502-4912-A565-FD5F2F009387}.Debug|x64.ActiveCfg = Debug|x64
		{FADB6D4A-1502-4912-A565-FD5F2F009387}.Debug|x64.Build.0 = Debug|x64
		{FADB6D4A-1502-4912-A565-FD5F2F009387}.Release|Any CPU.ActiveCfg = Release|Any CPU
		{FADB6D4A-1502-4912-A565-FD5F2F009387}.Release|Any CPU.Build.0 = Release|Any CPU
		{FADB6D4A-1502-4912-A565-FD5F2F009387}.Release|x64.ActiveCfg = Release|Any CPU
		{FADB6D4A-1502-4912-A565-FD5F2F009387}.Release|x64.Build.0 = Release|Any CPU
		{FADB6D4A-1502-4912-A565-FD5F2F009387}.Server|Any CPU.ActiveCfg = Debug|Any CPU
		{FADB6D4A-1502-4912-A565-FD5F2F009387}.Server|Any CPU.Build.0 = Debug|Any CPU
		{FADB6D4A-1502-4912-A565-FD5F2F009387}.Server|x64.ActiveCfg = Debug|Any CPU
		{FADB6D4A-1502-4912-A565-FD5F2F009387}.Server|x64.Build.0 = Debug|Any CPU
		{9BB400CB-EE8D-4DA8-9EDB-B5B115757614}.Debug|Any CPU.ActiveCfg = Debug|x64
		{9BB400CB-EE8D-4DA8-9EDB-B5B115757614}.Debug|Any CPU.Build.0 = Debug|x64
		{9BB400CB-EE8D-4DA8-9EDB-B5B115757614}.Debug|x64.ActiveCfg = Debug|Any CPU
		{9BB400CB-EE8D-4DA8-9EDB-B5B115757614}.Debug|x64.Build.0 = Debug|Any CPU
		{9BB400CB-EE8D-4DA8-9EDB-B5B115757614}.Release|Any CPU.ActiveCfg = Release|Any CPU
		{9BB400CB-EE8D-4DA8-9EDB-B5B115757614}.Release|Any CPU.Build.0 = Release|Any CPU
		{9BB400CB-EE8D-4DA8-9EDB-B5B115757614}.Release|x64.ActiveCfg = Release|Any CPU
		{9BB400CB-EE8D-4DA8-9EDB-B5B115757614}.Release|x64.Build.0 = Release|Any CPU
		{9BB400CB-EE8D-4DA8-9EDB-B5B115757614}.Server|Any CPU.ActiveCfg = Debug|Any CPU
		{9BB400CB-EE8D-4DA8-9EDB-B5B115757614}.Server|Any CPU.Build.0 = Debug|Any CPU
		{9BB400CB-EE8D-4DA8-9EDB-B5B115757614}.Server|x64.ActiveCfg = Debug|Any CPU
		{9BB400CB-EE8D-4DA8-9EDB-B5B115757614}.Server|x64.Build.0 = Debug|Any CPU
	EndGlobalSection
	GlobalSection(SolutionProperties) = preSolution
		HideSolutionNode = FALSE
	EndGlobalSection
	GlobalSection(ExtensibilityGlobals) = postSolution
		SolutionGuid = {CEB846EC-4F41-4917-84C6-D0332E61A49C}
	EndGlobalSection
EndGlobal
