
Microsoft Visual Studio Solution File, Format Version 12.00
# Visual Studio Version 16
VisualStudioVersion = 16.0.28315.86
MinimumVisualStudioVersion = 10.0.40219.1
Project("{9A19103F-16F7-4668-BE54-9A1E7A4F7556}") = "TDS_Server.Core", "Server\Core\TDS_Server.Core.csproj", "{E05649D8-0202-4FFC-8EE9-79E98F4CC866}"
	ProjectSection(ProjectDependencies) = postProject
		{6B6B462A-3A21-4624-9E07-F09020BCF48C} = {6B6B462A-3A21-4624-9E07-F09020BCF48C}
		{A347BAC1-8902-4403-A197-49C795598422} = {A347BAC1-8902-4403-A197-49C795598422}
		{FC1A25E5-960F-46B5-AFCC-5F4F79DF1E54} = {FC1A25E5-960F-46B5-AFCC-5F4F79DF1E54}
	EndProjectSection
EndProject
Project("{9A19103F-16F7-4668-BE54-9A1E7A4F7556}") = "TDS_Client", "TDS_Client\TDS_Client.csproj", "{6B6B462A-3A21-4624-9E07-F09020BCF48C}"
EndProject
Project("{9A19103F-16F7-4668-BE54-9A1E7A4F7556}") = "TDS_Shared", "TDS_Shared\TDS_Shared.csproj", "{FADB6D4A-1502-4912-A565-FD5F2F009387}"
EndProject
Project("{9A19103F-16F7-4668-BE54-9A1E7A4F7556}") = "TDS_Server.Database", "Server\Database\TDS_Server.Database.csproj", "{9BB400CB-EE8D-4DA8-9EDB-B5B115757614}"
EndProject
Project("{2150E333-8FDC-42A3-9474-1A3956D46DE8}") = "Solution Items", "Solution Items", "{8FBF85CE-00FC-45A3-BB26-4D2120F025CE}"
	ProjectSection(SolutionItems) = preProject
		.editorconfig = .editorconfig
		.gitignore = .gitignore
		global.json = global.json
		scriptmetadata.meta = scriptmetadata.meta
	EndProjectSection
EndProject
Project("{9A19103F-16F7-4668-BE54-9A1E7A4F7556}") = "BonusBotConnector.Server", "Server\BonusBotConnector\BonusBotConnector_Server\BonusBotConnector.Server.csproj", "{FC1A25E5-960F-46B5-AFCC-5F4F79DF1E54}"
EndProject
Project("{9A19103F-16F7-4668-BE54-9A1E7A4F7556}") = "BonusBotConnector.Client", "Server\BonusBotConnector\BonusBotConnector_Client\BonusBotConnector.Client.csproj", "{A347BAC1-8902-4403-A197-49C795598422}"
EndProject
Project("{2150E333-8FDC-42A3-9474-1A3956D46DE8}") = "Client", "Client", "{9BBD6AEC-65B3-487B-A601-033600378583}"
EndProject
Project("{2150E333-8FDC-42A3-9474-1A3956D46DE8}") = "Server", "Server", "{CA8EEB00-F61C-4E60-BC8E-1C031008A505}"
EndProject
Project("{2150E333-8FDC-42A3-9474-1A3956D46DE8}") = "Shared", "Shared", "{FA035891-A7AB-4B85-A8B2-7139631E3997}"
EndProject
Project("{2150E333-8FDC-42A3-9474-1A3956D46DE8}") = "BonusBotConnector", "BonusBotConnector", "{39F7F011-8791-4B84-952E-4D1121078C8E}"
EndProject
Project("{9A19103F-16F7-4668-BE54-9A1E7A4F7556}") = "TDS_Server.Data", "Server\Data\TDS_Server.Data.csproj", "{5A4CE9FF-7C88-456A-AAE9-DFF983376210}"
EndProject
Project("{9A19103F-16F7-4668-BE54-9A1E7A4F7556}") = "TDS_Server.RAGE", "Server\RAGE\TDS_Server.RAGE.csproj", "{88BB81E0-39D1-4527-9049-212E32BE98F7}"
EndProject
Project("{9A19103F-16F7-4668-BE54-9A1E7A4F7556}") = "TDS_Server.Handler", "Server\Handler\TDS_Server.Handler.csproj", "{6C28A55A-861E-465C-901E-F893DEF3BE33}"
EndProject
Project("{9A19103F-16F7-4668-BE54-9A1E7A4F7556}") = "TDS_Shared.Data", "Shared\Data\TDS_Shared.Data.csproj", "{EC81393D-DF19-442B-87D3-BC150A823D6C}"
EndProject
Project("{9A19103F-16F7-4668-BE54-9A1E7A4F7556}") = "TDS_Shared.Core", "Shared\Core\TDS_Shared.Core.csproj", "{6139F5BE-220C-4BC7-9B22-1DE4F4E652D0}"
EndProject
Global
	GlobalSection(SolutionConfigurationPlatforms) = preSolution
		Debug|Any CPU = Debug|Any CPU
		Debug|x64 = Debug|x64
		Release|Any CPU = Release|Any CPU
		Release|x64 = Release|x64
		Server|Any CPU = Server|Any CPU
		Server|x64 = Server|x64
	EndGlobalSection
	GlobalSection(ProjectConfigurationPlatforms) = postSolution
		{E05649D8-0202-4FFC-8EE9-79E98F4CC866}.Debug|Any CPU.ActiveCfg = Debug|Any CPU
		{E05649D8-0202-4FFC-8EE9-79E98F4CC866}.Debug|Any CPU.Build.0 = Debug|Any CPU
		{E05649D8-0202-4FFC-8EE9-79E98F4CC866}.Debug|x64.ActiveCfg = Debug|Any CPU
		{E05649D8-0202-4FFC-8EE9-79E98F4CC866}.Debug|x64.Build.0 = Debug|Any CPU
		{E05649D8-0202-4FFC-8EE9-79E98F4CC866}.Release|Any CPU.ActiveCfg = Release|Any CPU
		{E05649D8-0202-4FFC-8EE9-79E98F4CC866}.Release|Any CPU.Build.0 = Release|Any CPU
		{E05649D8-0202-4FFC-8EE9-79E98F4CC866}.Release|x64.ActiveCfg = Release|Any CPU
		{E05649D8-0202-4FFC-8EE9-79E98F4CC866}.Release|x64.Build.0 = Release|Any CPU
		{E05649D8-0202-4FFC-8EE9-79E98F4CC866}.Server|Any CPU.ActiveCfg = Debug|Any CPU
		{E05649D8-0202-4FFC-8EE9-79E98F4CC866}.Server|Any CPU.Build.0 = Debug|Any CPU
		{E05649D8-0202-4FFC-8EE9-79E98F4CC866}.Server|x64.ActiveCfg = Debug|Any CPU
		{E05649D8-0202-4FFC-8EE9-79E98F4CC866}.Server|x64.Build.0 = Debug|Any CPU
		{6B6B462A-3A21-4624-9E07-F09020BCF48C}.Debug|Any CPU.ActiveCfg = Debug|x64
		{6B6B462A-3A21-4624-9E07-F09020BCF48C}.Debug|x64.ActiveCfg = Debug|x64
		{6B6B462A-3A21-4624-9E07-F09020BCF48C}.Debug|x64.Build.0 = Debug|x64
		{6B6B462A-3A21-4624-9E07-F09020BCF48C}.Release|Any CPU.ActiveCfg = Release|Any CPU
		{6B6B462A-3A21-4624-9E07-F09020BCF48C}.Release|Any CPU.Build.0 = Release|Any CPU
		{6B6B462A-3A21-4624-9E07-F09020BCF48C}.Release|x64.ActiveCfg = Release|Any CPU
		{6B6B462A-3A21-4624-9E07-F09020BCF48C}.Release|x64.Build.0 = Release|Any CPU
		{6B6B462A-3A21-4624-9E07-F09020BCF48C}.Server|Any CPU.ActiveCfg = Debug|Any CPU
		{6B6B462A-3A21-4624-9E07-F09020BCF48C}.Server|Any CPU.Build.0 = Debug|Any CPU
		{6B6B462A-3A21-4624-9E07-F09020BCF48C}.Server|x64.ActiveCfg = Debug|Any CPU
		{6B6B462A-3A21-4624-9E07-F09020BCF48C}.Server|x64.Build.0 = Debug|Any CPU
		{FADB6D4A-1502-4912-A565-FD5F2F009387}.Debug|Any CPU.ActiveCfg = Debug|x64
		{FADB6D4A-1502-4912-A565-FD5F2F009387}.Debug|Any CPU.Build.0 = Debug|x64
		{FADB6D4A-1502-4912-A565-FD5F2F009387}.Debug|x64.ActiveCfg = Debug|x64
		{FADB6D4A-1502-4912-A565-FD5F2F009387}.Debug|x64.Build.0 = Debug|x64
		{FADB6D4A-1502-4912-A565-FD5F2F009387}.Release|Any CPU.ActiveCfg = Release|Any CPU
		{FADB6D4A-1502-4912-A565-FD5F2F009387}.Release|Any CPU.Build.0 = Release|Any CPU
		{FADB6D4A-1502-4912-A565-FD5F2F009387}.Release|x64.ActiveCfg = Release|Any CPU
		{FADB6D4A-1502-4912-A565-FD5F2F009387}.Release|x64.Build.0 = Release|Any CPU
		{FADB6D4A-1502-4912-A565-FD5F2F009387}.Server|Any CPU.ActiveCfg = Debug|Any CPU
		{FADB6D4A-1502-4912-A565-FD5F2F009387}.Server|Any CPU.Build.0 = Debug|Any CPU
		{FADB6D4A-1502-4912-A565-FD5F2F009387}.Server|x64.ActiveCfg = Debug|Any CPU
		{FADB6D4A-1502-4912-A565-FD5F2F009387}.Server|x64.Build.0 = Debug|Any CPU
		{9BB400CB-EE8D-4DA8-9EDB-B5B115757614}.Debug|Any CPU.ActiveCfg = Debug|x64
		{9BB400CB-EE8D-4DA8-9EDB-B5B115757614}.Debug|Any CPU.Build.0 = Debug|x64
		{9BB400CB-EE8D-4DA8-9EDB-B5B115757614}.Debug|x64.ActiveCfg = Debug|Any CPU
		{9BB400CB-EE8D-4DA8-9EDB-B5B115757614}.Debug|x64.Build.0 = Debug|Any CPU
		{9BB400CB-EE8D-4DA8-9EDB-B5B115757614}.Release|Any CPU.ActiveCfg = Release|Any CPU
		{9BB400CB-EE8D-4DA8-9EDB-B5B115757614}.Release|Any CPU.Build.0 = Release|Any CPU
		{9BB400CB-EE8D-4DA8-9EDB-B5B115757614}.Release|x64.ActiveCfg = Release|Any CPU
		{9BB400CB-EE8D-4DA8-9EDB-B5B115757614}.Release|x64.Build.0 = Release|Any CPU
		{9BB400CB-EE8D-4DA8-9EDB-B5B115757614}.Server|Any CPU.ActiveCfg = Debug|Any CPU
		{9BB400CB-EE8D-4DA8-9EDB-B5B115757614}.Server|Any CPU.Build.0 = Debug|Any CPU
		{9BB400CB-EE8D-4DA8-9EDB-B5B115757614}.Server|x64.ActiveCfg = Debug|Any CPU
		{9BB400CB-EE8D-4DA8-9EDB-B5B115757614}.Server|x64.Build.0 = Debug|Any CPU
		{FC1A25E5-960F-46B5-AFCC-5F4F79DF1E54}.Debug|Any CPU.ActiveCfg = Debug|Any CPU
		{FC1A25E5-960F-46B5-AFCC-5F4F79DF1E54}.Debug|Any CPU.Build.0 = Debug|Any CPU
		{FC1A25E5-960F-46B5-AFCC-5F4F79DF1E54}.Debug|x64.ActiveCfg = Debug|Any CPU
		{FC1A25E5-960F-46B5-AFCC-5F4F79DF1E54}.Debug|x64.Build.0 = Debug|Any CPU
		{FC1A25E5-960F-46B5-AFCC-5F4F79DF1E54}.Release|Any CPU.ActiveCfg = Release|Any CPU
		{FC1A25E5-960F-46B5-AFCC-5F4F79DF1E54}.Release|Any CPU.Build.0 = Release|Any CPU
		{FC1A25E5-960F-46B5-AFCC-5F4F79DF1E54}.Release|x64.ActiveCfg = Release|Any CPU
		{FC1A25E5-960F-46B5-AFCC-5F4F79DF1E54}.Release|x64.Build.0 = Release|Any CPU
		{FC1A25E5-960F-46B5-AFCC-5F4F79DF1E54}.Server|Any CPU.ActiveCfg = Debug|Any CPU
		{FC1A25E5-960F-46B5-AFCC-5F4F79DF1E54}.Server|Any CPU.Build.0 = Debug|Any CPU
		{FC1A25E5-960F-46B5-AFCC-5F4F79DF1E54}.Server|x64.ActiveCfg = Debug|Any CPU
		{FC1A25E5-960F-46B5-AFCC-5F4F79DF1E54}.Server|x64.Build.0 = Debug|Any CPU
		{A347BAC1-8902-4403-A197-49C795598422}.Debug|Any CPU.ActiveCfg = Debug|Any CPU
		{A347BAC1-8902-4403-A197-49C795598422}.Debug|Any CPU.Build.0 = Debug|Any CPU
		{A347BAC1-8902-4403-A197-49C795598422}.Debug|x64.ActiveCfg = Debug|Any CPU
		{A347BAC1-8902-4403-A197-49C795598422}.Debug|x64.Build.0 = Debug|Any CPU
		{A347BAC1-8902-4403-A197-49C795598422}.Release|Any CPU.ActiveCfg = Release|Any CPU
		{A347BAC1-8902-4403-A197-49C795598422}.Release|Any CPU.Build.0 = Release|Any CPU
		{A347BAC1-8902-4403-A197-49C795598422}.Release|x64.ActiveCfg = Release|Any CPU
		{A347BAC1-8902-4403-A197-49C795598422}.Release|x64.Build.0 = Release|Any CPU
		{A347BAC1-8902-4403-A197-49C795598422}.Server|Any CPU.ActiveCfg = Debug|Any CPU
		{A347BAC1-8902-4403-A197-49C795598422}.Server|Any CPU.Build.0 = Debug|Any CPU
		{A347BAC1-8902-4403-A197-49C795598422}.Server|x64.ActiveCfg = Debug|Any CPU
		{A347BAC1-8902-4403-A197-49C795598422}.Server|x64.Build.0 = Debug|Any CPU
		{5A4CE9FF-7C88-456A-AAE9-DFF983376210}.Debug|Any CPU.ActiveCfg = Debug|Any CPU
		{5A4CE9FF-7C88-456A-AAE9-DFF983376210}.Debug|Any CPU.Build.0 = Debug|Any CPU
		{5A4CE9FF-7C88-456A-AAE9-DFF983376210}.Debug|x64.ActiveCfg = Debug|Any CPU
		{5A4CE9FF-7C88-456A-AAE9-DFF983376210}.Debug|x64.Build.0 = Debug|Any CPU
		{5A4CE9FF-7C88-456A-AAE9-DFF983376210}.Release|Any CPU.ActiveCfg = Release|Any CPU
		{5A4CE9FF-7C88-456A-AAE9-DFF983376210}.Release|Any CPU.Build.0 = Release|Any CPU
		{5A4CE9FF-7C88-456A-AAE9-DFF983376210}.Release|x64.ActiveCfg = Release|Any CPU
		{5A4CE9FF-7C88-456A-AAE9-DFF983376210}.Release|x64.Build.0 = Release|Any CPU
		{5A4CE9FF-7C88-456A-AAE9-DFF983376210}.Server|Any CPU.ActiveCfg = Debug|Any CPU
		{5A4CE9FF-7C88-456A-AAE9-DFF983376210}.Server|Any CPU.Build.0 = Debug|Any CPU
		{5A4CE9FF-7C88-456A-AAE9-DFF983376210}.Server|x64.ActiveCfg = Debug|Any CPU
		{5A4CE9FF-7C88-456A-AAE9-DFF983376210}.Server|x64.Build.0 = Debug|Any CPU
		{88BB81E0-39D1-4527-9049-212E32BE98F7}.Debug|Any CPU.ActiveCfg = Debug|Any CPU
		{88BB81E0-39D1-4527-9049-212E32BE98F7}.Debug|Any CPU.Build.0 = Debug|Any CPU
		{88BB81E0-39D1-4527-9049-212E32BE98F7}.Debug|x64.ActiveCfg = Debug|Any CPU
		{88BB81E0-39D1-4527-9049-212E32BE98F7}.Debug|x64.Build.0 = Debug|Any CPU
		{88BB81E0-39D1-4527-9049-212E32BE98F7}.Release|Any CPU.ActiveCfg = Release|Any CPU
		{88BB81E0-39D1-4527-9049-212E32BE98F7}.Release|Any CPU.Build.0 = Release|Any CPU
		{88BB81E0-39D1-4527-9049-212E32BE98F7}.Release|x64.ActiveCfg = Release|Any CPU
		{88BB81E0-39D1-4527-9049-212E32BE98F7}.Release|x64.Build.0 = Release|Any CPU
		{88BB81E0-39D1-4527-9049-212E32BE98F7}.Server|Any CPU.ActiveCfg = Debug|Any CPU
		{88BB81E0-39D1-4527-9049-212E32BE98F7}.Server|Any CPU.Build.0 = Debug|Any CPU
		{88BB81E0-39D1-4527-9049-212E32BE98F7}.Server|x64.ActiveCfg = Debug|Any CPU
		{88BB81E0-39D1-4527-9049-212E32BE98F7}.Server|x64.Build.0 = Debug|Any CPU
		{6C28A55A-861E-465C-901E-F893DEF3BE33}.Debug|Any CPU.ActiveCfg = Debug|Any CPU
		{6C28A55A-861E-465C-901E-F893DEF3BE33}.Debug|Any CPU.Build.0 = Debug|Any CPU
		{6C28A55A-861E-465C-901E-F893DEF3BE33}.Debug|x64.ActiveCfg = Debug|Any CPU
		{6C28A55A-861E-465C-901E-F893DEF3BE33}.Debug|x64.Build.0 = Debug|Any CPU
		{6C28A55A-861E-465C-901E-F893DEF3BE33}.Release|Any CPU.ActiveCfg = Release|Any CPU
		{6C28A55A-861E-465C-901E-F893DEF3BE33}.Release|Any CPU.Build.0 = Release|Any CPU
		{6C28A55A-861E-465C-901E-F893DEF3BE33}.Release|x64.ActiveCfg = Release|Any CPU
		{6C28A55A-861E-465C-901E-F893DEF3BE33}.Release|x64.Build.0 = Release|Any CPU
		{6C28A55A-861E-465C-901E-F893DEF3BE33}.Server|Any CPU.ActiveCfg = Debug|Any CPU
		{6C28A55A-861E-465C-901E-F893DEF3BE33}.Server|Any CPU.Build.0 = Debug|Any CPU
		{6C28A55A-861E-465C-901E-F893DEF3BE33}.Server|x64.ActiveCfg = Debug|Any CPU
		{6C28A55A-861E-465C-901E-F893DEF3BE33}.Server|x64.Build.0 = Debug|Any CPU
		{EC81393D-DF19-442B-87D3-BC150A823D6C}.Debug|Any CPU.ActiveCfg = Debug|Any CPU
		{EC81393D-DF19-442B-87D3-BC150A823D6C}.Debug|Any CPU.Build.0 = Debug|Any CPU
		{EC81393D-DF19-442B-87D3-BC150A823D6C}.Debug|x64.ActiveCfg = Debug|Any CPU
		{EC81393D-DF19-442B-87D3-BC150A823D6C}.Debug|x64.Build.0 = Debug|Any CPU
		{EC81393D-DF19-442B-87D3-BC150A823D6C}.Release|Any CPU.ActiveCfg = Release|Any CPU
		{EC81393D-DF19-442B-87D3-BC150A823D6C}.Release|Any CPU.Build.0 = Release|Any CPU
		{EC81393D-DF19-442B-87D3-BC150A823D6C}.Release|x64.ActiveCfg = Release|Any CPU
		{EC81393D-DF19-442B-87D3-BC150A823D6C}.Release|x64.Build.0 = Release|Any CPU
		{EC81393D-DF19-442B-87D3-BC150A823D6C}.Server|Any CPU.ActiveCfg = Debug|Any CPU
		{EC81393D-DF19-442B-87D3-BC150A823D6C}.Server|Any CPU.Build.0 = Debug|Any CPU
		{EC81393D-DF19-442B-87D3-BC150A823D6C}.Server|x64.ActiveCfg = Debug|Any CPU
		{EC81393D-DF19-442B-87D3-BC150A823D6C}.Server|x64.Build.0 = Debug|Any CPU
		{6139F5BE-220C-4BC7-9B22-1DE4F4E652D0}.Debug|Any CPU.ActiveCfg = Debug|Any CPU
		{6139F5BE-220C-4BC7-9B22-1DE4F4E652D0}.Debug|Any CPU.Build.0 = Debug|Any CPU
		{6139F5BE-220C-4BC7-9B22-1DE4F4E652D0}.Debug|x64.ActiveCfg = Debug|Any CPU
		{6139F5BE-220C-4BC7-9B22-1DE4F4E652D0}.Debug|x64.Build.0 = Debug|Any CPU
		{6139F5BE-220C-4BC7-9B22-1DE4F4E652D0}.Release|Any CPU.ActiveCfg = Release|Any CPU
		{6139F5BE-220C-4BC7-9B22-1DE4F4E652D0}.Release|Any CPU.Build.0 = Release|Any CPU
		{6139F5BE-220C-4BC7-9B22-1DE4F4E652D0}.Release|x64.ActiveCfg = Release|Any CPU
		{6139F5BE-220C-4BC7-9B22-1DE4F4E652D0}.Release|x64.Build.0 = Release|Any CPU
		{6139F5BE-220C-4BC7-9B22-1DE4F4E652D0}.Server|Any CPU.ActiveCfg = Debug|Any CPU
		{6139F5BE-220C-4BC7-9B22-1DE4F4E652D0}.Server|Any CPU.Build.0 = Debug|Any CPU
		{6139F5BE-220C-4BC7-9B22-1DE4F4E652D0}.Server|x64.ActiveCfg = Debug|Any CPU
		{6139F5BE-220C-4BC7-9B22-1DE4F4E652D0}.Server|x64.Build.0 = Debug|Any CPU
	EndGlobalSection
	GlobalSection(SolutionProperties) = preSolution
		HideSolutionNode = FALSE
	EndGlobalSection
	GlobalSection(NestedProjects) = preSolution
		{E05649D8-0202-4FFC-8EE9-79E98F4CC866} = {CA8EEB00-F61C-4E60-BC8E-1C031008A505}
		{6B6B462A-3A21-4624-9E07-F09020BCF48C} = {9BBD6AEC-65B3-487B-A601-033600378583}
		{FADB6D4A-1502-4912-A565-FD5F2F009387} = {FA035891-A7AB-4B85-A8B2-7139631E3997}
		{9BB400CB-EE8D-4DA8-9EDB-B5B115757614} = {CA8EEB00-F61C-4E60-BC8E-1C031008A505}
		{FC1A25E5-960F-46B5-AFCC-5F4F79DF1E54} = {39F7F011-8791-4B84-952E-4D1121078C8E}
		{A347BAC1-8902-4403-A197-49C795598422} = {39F7F011-8791-4B84-952E-4D1121078C8E}
		{39F7F011-8791-4B84-952E-4D1121078C8E} = {CA8EEB00-F61C-4E60-BC8E-1C031008A505}
		{5A4CE9FF-7C88-456A-AAE9-DFF983376210} = {CA8EEB00-F61C-4E60-BC8E-1C031008A505}
		{88BB81E0-39D1-4527-9049-212E32BE98F7} = {CA8EEB00-F61C-4E60-BC8E-1C031008A505}
		{6C28A55A-861E-465C-901E-F893DEF3BE33} = {CA8EEB00-F61C-4E60-BC8E-1C031008A505}
		{EC81393D-DF19-442B-87D3-BC150A823D6C} = {FA035891-A7AB-4B85-A8B2-7139631E3997}
		{6139F5BE-220C-4BC7-9B22-1DE4F4E652D0} = {FA035891-A7AB-4B85-A8B2-7139631E3997}
	EndGlobalSection
	GlobalSection(ExtensibilityGlobals) = postSolution
		SolutionGuid = {CEB846EC-4F41-4917-84C6-D0332E61A49C}
	EndGlobalSection
EndGlobal
