
Microsoft Visual Studio Solution File, Format Version 12.00
# Visual Studio Version 16
VisualStudioVersion = 16.0.28315.86
MinimumVisualStudioVersion = 10.0.40219.1
Project("{9A19103F-16F7-4668-BE54-9A1E7A4F7556}") = "TDS_Server.Core", "Server\Core\TDS_Server.Core.csproj", "{E05649D8-0202-4FFC-8EE9-79E98F4CC866}"
	ProjectSection(ProjectDependencies) = postProject
		{A347BAC1-8902-4403-A197-49C795598422} = {A347BAC1-8902-4403-A197-49C795598422}
		{FC1A25E5-960F-46B5-AFCC-5F4F79DF1E54} = {FC1A25E5-960F-46B5-AFCC-5F4F79DF1E54}
	EndProjectSection
EndProject
Project("{9A19103F-16F7-4668-BE54-9A1E7A4F7556}") = "TDS_Server.Database", "Server\Database\TDS_Server.Database.csproj", "{9BB400CB-EE8D-4DA8-9EDB-B5B115757614}"
EndProject
Project("{2150E333-8FDC-42A3-9474-1A3956D46DE8}") = "Solution Items", "Solution Items", "{8FBF85CE-00FC-45A3-BB26-4D2120F025CE}"
	ProjectSection(SolutionItems) = preProject
		.editorconfig = .editorconfig
		.gitignore = .gitignore
		TDS\DeadCode.ruleset = TDS\DeadCode.ruleset
		global.json = global.json
		scriptmetadata.meta = scriptmetadata.meta
	EndProjectSection
EndProject
Project("{9A19103F-16F7-4668-BE54-9A1E7A4F7556}") = "BonusBotConnector.Server", "Server\BonusBotConnector\Server\BonusBotConnector.Server.csproj", "{FC1A25E5-960F-46B5-AFCC-5F4F79DF1E54}"
EndProject
Project("{9A19103F-16F7-4668-BE54-9A1E7A4F7556}") = "BonusBotConnector.Client", "Server\BonusBotConnector\Client\BonusBotConnector.Client.csproj", "{A347BAC1-8902-4403-A197-49C795598422}"
EndProject
Project("{2150E333-8FDC-42A3-9474-1A3956D46DE8}") = "Client", "Client", "{9BBD6AEC-65B3-487B-A601-033600378583}"
EndProject
Project("{2150E333-8FDC-42A3-9474-1A3956D46DE8}") = "Server", "Server", "{CA8EEB00-F61C-4E60-BC8E-1C031008A505}"
	ProjectSection(SolutionItems) = preProject
		Server\conf.json = Server\conf.json
		Server\meta.xml = Server\meta.xml
	EndProjectSection
EndProject
Project("{2150E333-8FDC-42A3-9474-1A3956D46DE8}") = "Shared", "Shared", "{FA035891-A7AB-4B85-A8B2-7139631E3997}"
EndProject
Project("{2150E333-8FDC-42A3-9474-1A3956D46DE8}") = "BonusBotConnector", "BonusBotConnector", "{39F7F011-8791-4B84-952E-4D1121078C8E}"
EndProject
Project("{9A19103F-16F7-4668-BE54-9A1E7A4F7556}") = "TDS_Server.Data", "Server\Data\TDS_Server.Data.csproj", "{5A4CE9FF-7C88-456A-AAE9-DFF983376210}"
EndProject
Project("{9A19103F-16F7-4668-BE54-9A1E7A4F7556}") = "TDS_Server.RAGEAPI", "Server\RAGEAPI\TDS_Server.RAGEAPI.csproj", "{88BB81E0-39D1-4527-9049-212E32BE98F7}"
	ProjectSection(ProjectDependencies) = postProject
		{4ACD48FA-F41B-44FD-AD7E-F1FB100ACA88} = {4ACD48FA-F41B-44FD-AD7E-F1FB100ACA88}
	EndProjectSection
EndProject
Project("{9A19103F-16F7-4668-BE54-9A1E7A4F7556}") = "TDS_Server.Handler", "Server\Handler\TDS_Server.Handler.csproj", "{6C28A55A-861E-465C-901E-F893DEF3BE33}"
EndProject
Project("{9A19103F-16F7-4668-BE54-9A1E7A4F7556}") = "TDS_Shared.Data", "Shared\Data\TDS_Shared.Data.csproj", "{EC81393D-DF19-442B-87D3-BC150A823D6C}"
EndProject
Project("{9A19103F-16F7-4668-BE54-9A1E7A4F7556}") = "TDS_Shared.Core", "Shared\Core\TDS_Shared.Core.csproj", "{6139F5BE-220C-4BC7-9B22-1DE4F4E652D0}"
EndProject
Project("{9A19103F-16F7-4668-BE54-9A1E7A4F7556}") = "TDS_Client.Core", "Client\Core\TDS_Client.Core.csproj", "{06BD8C09-1138-464C-B0AF-22C0EEC2B92F}"
EndProject
Project("{9A19103F-16F7-4668-BE54-9A1E7A4F7556}") = "TDS_Client.Data", "Client\Data\TDS_Client.Data.csproj", "{3B39E1D8-F25A-415D-9087-DDA1EB84B2EF}"
EndProject
Project("{9A19103F-16F7-4668-BE54-9A1E7A4F7556}") = "TDS_Client.RAGEAPI", "Client\RAGEAPI\TDS_Client.RAGEAPI.csproj", "{4ACD48FA-F41B-44FD-AD7E-F1FB100ACA88}"
EndProject
Project("{9A19103F-16F7-4668-BE54-9A1E7A4F7556}") = "TDS_Client.Handler", "Client\Handler\TDS_Client.Handler.csproj", "{AF00FF1E-655B-46A7-B131-7E026057CED8}"
EndProject
Project("{2150E333-8FDC-42A3-9474-1A3956D46DE8}") = "Solution files", "Solution files", "{1DF5C58C-C800-4C70-92F1-D51E119186BC}"
	ProjectSection(SolutionItems) = preProject
		.editorconfig = .editorconfig
		.gitignore = .gitignore
		TDS\DeadCode.ruleset = TDS\DeadCode.ruleset
		LocalServerSync.sh = LocalServerSync.sh
		ServerSync.sh = ServerSync.sh
	EndProjectSection
EndProject
Global
	GlobalSection(SolutionConfigurationPlatforms) = preSolution
		Debug|Any CPU = Debug|Any CPU
		Debug|x64 = Debug|x64
		Release|Any CPU = Release|Any CPU
		Release|x64 = Release|x64
		Server|Any CPU = Server|Any CPU
		Server|x64 = Server|x64
	EndGlobalSection
	GlobalSection(ProjectConfigurationPlatforms) = postSolution
		{E05649D8-0202-4FFC-8EE9-79E98F4CC866}.Debug|Any CPU.ActiveCfg = Debug|Any CPU
		{E05649D8-0202-4FFC-8EE9-79E98F4CC866}.Debug|Any CPU.Build.0 = Debug|Any CPU
		{E05649D8-0202-4FFC-8EE9-79E98F4CC866}.Debug|x64.ActiveCfg = Debug|Any CPU
		{E05649D8-0202-4FFC-8EE9-79E98F4CC866}.Debug|x64.Build.0 = Debug|Any CPU
		{E05649D8-0202-4FFC-8EE9-79E98F4CC866}.Release|Any CPU.ActiveCfg = Release|Any CPU
		{E05649D8-0202-4FFC-8EE9-79E98F4CC866}.Release|Any CPU.Build.0 = Release|Any CPU
		{E05649D8-0202-4FFC-8EE9-79E98F4CC866}.Release|x64.ActiveCfg = Release|Any CPU
		{E05649D8-0202-4FFC-8EE9-79E98F4CC866}.Release|x64.Build.0 = Release|Any CPU
		{E05649D8-0202-4FFC-8EE9-79E98F4CC866}.Server|Any CPU.ActiveCfg = Debug|Any CPU
		{E05649D8-0202-4FFC-8EE9-79E98F4CC866}.Server|Any CPU.Build.0 = Debug|Any CPU
		{E05649D8-0202-4FFC-8EE9-79E98F4CC866}.Server|x64.ActiveCfg = Debug|Any CPU
		{E05649D8-0202-4FFC-8EE9-79E98F4CC866}.Server|x64.Build.0 = Debug|Any CPU
		{9BB400CB-EE8D-4DA8-9EDB-B5B115757614}.Debug|Any CPU.ActiveCfg = Debug|x64
		{9BB400CB-EE8D-4DA8-9EDB-B5B115757614}.Debug|Any CPU.Build.0 = Debug|x64
		{9BB400CB-EE8D-4DA8-9EDB-B5B115757614}.Debug|x64.ActiveCfg = Debug|Any CPU
		{9BB400CB-EE8D-4DA8-9EDB-B5B115757614}.Debug|x64.Build.0 = Debug|Any CPU
		{9BB400CB-EE8D-4DA8-9EDB-B5B115757614}.Release|Any CPU.ActiveCfg = Release|Any CPU
		{9BB400CB-EE8D-4DA8-9EDB-B5B115757614}.Release|Any CPU.Build.0 = Release|Any CPU
		{9BB400CB-EE8D-4DA8-9EDB-B5B115757614}.Release|x64.ActiveCfg = Release|Any CPU
		{9BB400CB-EE8D-4DA8-9EDB-B5B115757614}.Release|x64.Build.0 = Release|Any CPU
		{9BB400CB-EE8D-4DA8-9EDB-B5B115757614}.Server|Any CPU.ActiveCfg = Debug|Any CPU
		{9BB400CB-EE8D-4DA8-9EDB-B5B115757614}.Server|Any CPU.Build.0 = Debug|Any CPU
		{9BB400CB-EE8D-4DA8-9EDB-B5B115757614}.Server|x64.ActiveCfg = Debug|Any CPU
		{9BB400CB-EE8D-4DA8-9EDB-B5B115757614}.Server|x64.Build.0 = Debug|Any CPU
		{FC1A25E5-960F-46B5-AFCC-5F4F79DF1E54}.Debug|Any CPU.ActiveCfg = Debug|Any CPU
		{FC1A25E5-960F-46B5-AFCC-5F4F79DF1E54}.Debug|Any CPU.Build.0 = Debug|Any CPU
		{FC1A25E5-960F-46B5-AFCC-5F4F79DF1E54}.Debug|x64.ActiveCfg = Debug|Any CPU
		{FC1A25E5-960F-46B5-AFCC-5F4F79DF1E54}.Debug|x64.Build.0 = Debug|Any CPU
		{FC1A25E5-960F-46B5-AFCC-5F4F79DF1E54}.Release|Any CPU.ActiveCfg = Release|Any CPU
		{FC1A25E5-960F-46B5-AFCC-5F4F79DF1E54}.Release|Any CPU.Build.0 = Release|Any CPU
		{FC1A25E5-960F-46B5-AFCC-5F4F79DF1E54}.Release|x64.ActiveCfg = Release|Any CPU
		{FC1A25E5-960F-46B5-AFCC-5F4F79DF1E54}.Release|x64.Build.0 = Release|Any CPU
		{FC1A25E5-960F-46B5-AFCC-5F4F79DF1E54}.Server|Any CPU.ActiveCfg = Debug|Any CPU
		{FC1A25E5-960F-46B5-AFCC-5F4F79DF1E54}.Server|Any CPU.Build.0 = Debug|Any CPU
		{FC1A25E5-960F-46B5-AFCC-5F4F79DF1E54}.Server|x64.ActiveCfg = Debug|Any CPU
		{FC1A25E5-960F-46B5-AFCC-5F4F79DF1E54}.Server|x64.Build.0 = Debug|Any CPU
		{A347BAC1-8902-4403-A197-49C795598422}.Debug|Any CPU.ActiveCfg = Debug|Any CPU
		{A347BAC1-8902-4403-A197-49C795598422}.Debug|Any CPU.Build.0 = Debug|Any CPU
		{A347BAC1-8902-4403-A197-49C795598422}.Debug|x64.ActiveCfg = Debug|Any CPU
		{A347BAC1-8902-4403-A197-49C795598422}.Debug|x64.Build.0 = Debug|Any CPU
		{A347BAC1-8902-4403-A197-49C795598422}.Release|Any CPU.ActiveCfg = Release|Any CPU
		{A347BAC1-8902-4403-A197-49C795598422}.Release|Any CPU.Build.0 = Release|Any CPU
		{A347BAC1-8902-4403-A197-49C795598422}.Release|x64.ActiveCfg = Release|Any CPU
		{A347BAC1-8902-4403-A197-49C795598422}.Release|x64.Build.0 = Release|Any CPU
		{A347BAC1-8902-4403-A197-49C795598422}.Server|Any CPU.ActiveCfg = Debug|Any CPU
		{A347BAC1-8902-4403-A197-49C795598422}.Server|Any CPU.Build.0 = Debug|Any CPU
		{A347BAC1-8902-4403-A197-49C795598422}.Server|x64.ActiveCfg = Debug|Any CPU
		{A347BAC1-8902-4403-A197-49C795598422}.Server|x64.Build.0 = Debug|Any CPU
		{5A4CE9FF-7C88-456A-AAE9-DFF983376210}.Debug|Any CPU.ActiveCfg = Debug|Any CPU
		{5A4CE9FF-7C88-456A-AAE9-DFF983376210}.Debug|Any CPU.Build.0 = Debug|Any CPU
		{5A4CE9FF-7C88-456A-AAE9-DFF983376210}.Debug|x64.ActiveCfg = Debug|Any CPU
		{5A4CE9FF-7C88-456A-AAE9-DFF983376210}.Debug|x64.Build.0 = Debug|Any CPU
		{5A4CE9FF-7C88-456A-AAE9-DFF983376210}.Release|Any CPU.ActiveCfg = Release|Any CPU
		{5A4CE9FF-7C88-456A-AAE9-DFF983376210}.Release|Any CPU.Build.0 = Release|Any CPU
		{5A4CE9FF-7C88-456A-AAE9-DFF983376210}.Release|x64.ActiveCfg = Release|Any CPU
		{5A4CE9FF-7C88-456A-AAE9-DFF983376210}.Release|x64.Build.0 = Release|Any CPU
		{5A4CE9FF-7C88-456A-AAE9-DFF983376210}.Server|Any CPU.ActiveCfg = Debug|Any CPU
		{5A4CE9FF-7C88-456A-AAE9-DFF983376210}.Server|Any CPU.Build.0 = Debug|Any CPU
		{5A4CE9FF-7C88-456A-AAE9-DFF983376210}.Server|x64.ActiveCfg = Debug|Any CPU
		{5A4CE9FF-7C88-456A-AAE9-DFF983376210}.Server|x64.Build.0 = Debug|Any CPU
		{88BB81E0-39D1-4527-9049-212E32BE98F7}.Debug|Any CPU.ActiveCfg = Debug|Any CPU
		{88BB81E0-39D1-4527-9049-212E32BE98F7}.Debug|Any CPU.Build.0 = Debug|Any CPU
		{88BB81E0-39D1-4527-9049-212E32BE98F7}.Debug|x64.ActiveCfg = Debug|Any CPU
		{88BB81E0-39D1-4527-9049-212E32BE98F7}.Debug|x64.Build.0 = Debug|Any CPU
		{88BB81E0-39D1-4527-9049-212E32BE98F7}.Release|Any CPU.ActiveCfg = Release|Any CPU
		{88BB81E0-39D1-4527-9049-212E32BE98F7}.Release|Any CPU.Build.0 = Release|Any CPU
		{88BB81E0-39D1-4527-9049-212E32BE98F7}.Release|x64.ActiveCfg = Release|Any CPU
		{88BB81E0-39D1-4527-9049-212E32BE98F7}.Release|x64.Build.0 = Release|Any CPU
		{88BB81E0-39D1-4527-9049-212E32BE98F7}.Server|Any CPU.ActiveCfg = Debug|Any CPU
		{88BB81E0-39D1-4527-9049-212E32BE98F7}.Server|Any CPU.Build.0 = Debug|Any CPU
		{88BB81E0-39D1-4527-9049-212E32BE98F7}.Server|x64.ActiveCfg = Debug|Any CPU
		{88BB81E0-39D1-4527-9049-212E32BE98F7}.Server|x64.Build.0 = Debug|Any CPU
		{6C28A55A-861E-465C-901E-F893DEF3BE33}.Debug|Any CPU.ActiveCfg = Debug|Any CPU
		{6C28A55A-861E-465C-901E-F893DEF3BE33}.Debug|Any CPU.Build.0 = Debug|Any CPU
		{6C28A55A-861E-465C-901E-F893DEF3BE33}.Debug|x64.ActiveCfg = Debug|Any CPU
		{6C28A55A-861E-465C-901E-F893DEF3BE33}.Debug|x64.Build.0 = Debug|Any CPU
		{6C28A55A-861E-465C-901E-F893DEF3BE33}.Release|Any CPU.ActiveCfg = Release|Any CPU
		{6C28A55A-861E-465C-901E-F893DEF3BE33}.Release|Any CPU.Build.0 = Release|Any CPU
		{6C28A55A-861E-465C-901E-F893DEF3BE33}.Release|x64.ActiveCfg = Release|Any CPU
		{6C28A55A-861E-465C-901E-F893DEF3BE33}.Release|x64.Build.0 = Release|Any CPU
		{6C28A55A-861E-465C-901E-F893DEF3BE33}.Server|Any CPU.ActiveCfg = Debug|Any CPU
		{6C28A55A-861E-465C-901E-F893DEF3BE33}.Server|Any CPU.Build.0 = Debug|Any CPU
		{6C28A55A-861E-465C-901E-F893DEF3BE33}.Server|x64.ActiveCfg = Debug|Any CPU
		{6C28A55A-861E-465C-901E-F893DEF3BE33}.Server|x64.Build.0 = Debug|Any CPU
		{EC81393D-DF19-442B-87D3-BC150A823D6C}.Debug|Any CPU.ActiveCfg = Debug|Any CPU
		{EC81393D-DF19-442B-87D3-BC150A823D6C}.Debug|Any CPU.Build.0 = Debug|Any CPU
		{EC81393D-DF19-442B-87D3-BC150A823D6C}.Debug|x64.ActiveCfg = Debug|Any CPU
		{EC81393D-DF19-442B-87D3-BC150A823D6C}.Debug|x64.Build.0 = Debug|Any CPU
		{EC81393D-DF19-442B-87D3-BC150A823D6C}.Release|Any CPU.ActiveCfg = Release|Any CPU
		{EC81393D-DF19-442B-87D3-BC150A823D6C}.Release|Any CPU.Build.0 = Release|Any CPU
		{EC81393D-DF19-442B-87D3-BC150A823D6C}.Release|x64.ActiveCfg = Release|Any CPU
		{EC81393D-DF19-442B-87D3-BC150A823D6C}.Release|x64.Build.0 = Release|Any CPU
		{EC81393D-DF19-442B-87D3-BC150A823D6C}.Server|Any CPU.ActiveCfg = Debug|Any CPU
		{EC81393D-DF19-442B-87D3-BC150A823D6C}.Server|Any CPU.Build.0 = Debug|Any CPU
		{EC81393D-DF19-442B-87D3-BC150A823D6C}.Server|x64.ActiveCfg = Debug|Any CPU
		{EC81393D-DF19-442B-87D3-BC150A823D6C}.Server|x64.Build.0 = Debug|Any CPU
		{6139F5BE-220C-4BC7-9B22-1DE4F4E652D0}.Debug|Any CPU.ActiveCfg = Debug|Any CPU
		{6139F5BE-220C-4BC7-9B22-1DE4F4E652D0}.Debug|Any CPU.Build.0 = Debug|Any CPU
		{6139F5BE-220C-4BC7-9B22-1DE4F4E652D0}.Debug|x64.ActiveCfg = Debug|Any CPU
		{6139F5BE-220C-4BC7-9B22-1DE4F4E652D0}.Debug|x64.Build.0 = Debug|Any CPU
		{6139F5BE-220C-4BC7-9B22-1DE4F4E652D0}.Release|Any CPU.ActiveCfg = Release|Any CPU
		{6139F5BE-220C-4BC7-9B22-1DE4F4E652D0}.Release|Any CPU.Build.0 = Release|Any CPU
		{6139F5BE-220C-4BC7-9B22-1DE4F4E652D0}.Release|x64.ActiveCfg = Release|Any CPU
		{6139F5BE-220C-4BC7-9B22-1DE4F4E652D0}.Release|x64.Build.0 = Release|Any CPU
		{6139F5BE-220C-4BC7-9B22-1DE4F4E652D0}.Server|Any CPU.ActiveCfg = Debug|Any CPU
		{6139F5BE-220C-4BC7-9B22-1DE4F4E652D0}.Server|Any CPU.Build.0 = Debug|Any CPU
		{6139F5BE-220C-4BC7-9B22-1DE4F4E652D0}.Server|x64.ActiveCfg = Debug|Any CPU
		{6139F5BE-220C-4BC7-9B22-1DE4F4E652D0}.Server|x64.Build.0 = Debug|Any CPU
		{06BD8C09-1138-464C-B0AF-22C0EEC2B92F}.Debug|Any CPU.ActiveCfg = Debug|Any CPU
		{06BD8C09-1138-464C-B0AF-22C0EEC2B92F}.Debug|Any CPU.Build.0 = Debug|Any CPU
		{06BD8C09-1138-464C-B0AF-22C0EEC2B92F}.Debug|x64.ActiveCfg = Debug|Any CPU
		{06BD8C09-1138-464C-B0AF-22C0EEC2B92F}.Debug|x64.Build.0 = Debug|Any CPU
		{06BD8C09-1138-464C-B0AF-22C0EEC2B92F}.Release|Any CPU.ActiveCfg = Release|Any CPU
		{06BD8C09-1138-464C-B0AF-22C0EEC2B92F}.Release|Any CPU.Build.0 = Release|Any CPU
		{06BD8C09-1138-464C-B0AF-22C0EEC2B92F}.Release|x64.ActiveCfg = Release|Any CPU
		{06BD8C09-1138-464C-B0AF-22C0EEC2B92F}.Release|x64.Build.0 = Release|Any CPU
		{06BD8C09-1138-464C-B0AF-22C0EEC2B92F}.Server|Any CPU.ActiveCfg = Debug|Any CPU
		{06BD8C09-1138-464C-B0AF-22C0EEC2B92F}.Server|Any CPU.Build.0 = Debug|Any CPU
		{06BD8C09-1138-464C-B0AF-22C0EEC2B92F}.Server|x64.ActiveCfg = Debug|Any CPU
		{06BD8C09-1138-464C-B0AF-22C0EEC2B92F}.Server|x64.Build.0 = Debug|Any CPU
		{3B39E1D8-F25A-415D-9087-DDA1EB84B2EF}.Debug|Any CPU.ActiveCfg = Debug|Any CPU
		{3B39E1D8-F25A-415D-9087-DDA1EB84B2EF}.Debug|Any CPU.Build.0 = Debug|Any CPU
		{3B39E1D8-F25A-415D-9087-DDA1EB84B2EF}.Debug|x64.ActiveCfg = Debug|Any CPU
		{3B39E1D8-F25A-415D-9087-DDA1EB84B2EF}.Debug|x64.Build.0 = Debug|Any CPU
		{3B39E1D8-F25A-415D-9087-DDA1EB84B2EF}.Release|Any CPU.ActiveCfg = Release|Any CPU
		{3B39E1D8-F25A-415D-9087-DDA1EB84B2EF}.Release|Any CPU.Build.0 = Release|Any CPU
		{3B39E1D8-F25A-415D-9087-DDA1EB84B2EF}.Release|x64.ActiveCfg = Release|Any CPU
		{3B39E1D8-F25A-415D-9087-DDA1EB84B2EF}.Release|x64.Build.0 = Release|Any CPU
		{3B39E1D8-F25A-415D-9087-DDA1EB84B2EF}.Server|Any CPU.ActiveCfg = Debug|Any CPU
		{3B39E1D8-F25A-415D-9087-DDA1EB84B2EF}.Server|Any CPU.Build.0 = Debug|Any CPU
		{3B39E1D8-F25A-415D-9087-DDA1EB84B2EF}.Server|x64.ActiveCfg = Debug|Any CPU
		{3B39E1D8-F25A-415D-9087-DDA1EB84B2EF}.Server|x64.Build.0 = Debug|Any CPU
		{4ACD48FA-F41B-44FD-AD7E-F1FB100ACA88}.Debug|Any CPU.ActiveCfg = Debug|Any CPU
		{4ACD48FA-F41B-44FD-AD7E-F1FB100ACA88}.Debug|Any CPU.Build.0 = Debug|Any CPU
		{4ACD48FA-F41B-44FD-AD7E-F1FB100ACA88}.Debug|x64.ActiveCfg = Debug|Any CPU
		{4ACD48FA-F41B-44FD-AD7E-F1FB100ACA88}.Debug|x64.Build.0 = Debug|Any CPU
		{4ACD48FA-F41B-44FD-AD7E-F1FB100ACA88}.Release|Any CPU.ActiveCfg = Release|Any CPU
		{4ACD48FA-F41B-44FD-AD7E-F1FB100ACA88}.Release|Any CPU.Build.0 = Release|Any CPU
		{4ACD48FA-F41B-44FD-AD7E-F1FB100ACA88}.Release|x64.ActiveCfg = Release|Any CPU
		{4ACD48FA-F41B-44FD-AD7E-F1FB100ACA88}.Release|x64.Build.0 = Release|Any CPU
		{4ACD48FA-F41B-44FD-AD7E-F1FB100ACA88}.Server|Any CPU.ActiveCfg = Debug|Any CPU
		{4ACD48FA-F41B-44FD-AD7E-F1FB100ACA88}.Server|Any CPU.Build.0 = Debug|Any CPU
		{4ACD48FA-F41B-44FD-AD7E-F1FB100ACA88}.Server|x64.ActiveCfg = Debug|Any CPU
		{4ACD48FA-F41B-44FD-AD7E-F1FB100ACA88}.Server|x64.Build.0 = Debug|Any CPU
		{AF00FF1E-655B-46A7-B131-7E026057CED8}.Debug|Any CPU.ActiveCfg = Debug|Any CPU
		{AF00FF1E-655B-46A7-B131-7E026057CED8}.Debug|Any CPU.Build.0 = Debug|Any CPU
		{AF00FF1E-655B-46A7-B131-7E026057CED8}.Debug|x64.ActiveCfg = Debug|Any CPU
		{AF00FF1E-655B-46A7-B131-7E026057CED8}.Debug|x64.Build.0 = Debug|Any CPU
		{AF00FF1E-655B-46A7-B131-7E026057CED8}.Release|Any CPU.ActiveCfg = Release|Any CPU
		{AF00FF1E-655B-46A7-B131-7E026057CED8}.Release|Any CPU.Build.0 = Release|Any CPU
		{AF00FF1E-655B-46A7-B131-7E026057CED8}.Release|x64.ActiveCfg = Release|Any CPU
		{AF00FF1E-655B-46A7-B131-7E026057CED8}.Release|x64.Build.0 = Release|Any CPU
		{AF00FF1E-655B-46A7-B131-7E026057CED8}.Server|Any CPU.ActiveCfg = Debug|Any CPU
		{AF00FF1E-655B-46A7-B131-7E026057CED8}.Server|Any CPU.Build.0 = Debug|Any CPU
		{AF00FF1E-655B-46A7-B131-7E026057CED8}.Server|x64.ActiveCfg = Debug|Any CPU
		{AF00FF1E-655B-46A7-B131-7E026057CED8}.Server|x64.Build.0 = Debug|Any CPU
	EndGlobalSection
	GlobalSection(SolutionProperties) = preSolution
		HideSolutionNode = FALSE
	EndGlobalSection
	GlobalSection(NestedProjects) = preSolution
		{E05649D8-0202-4FFC-8EE9-79E98F4CC866} = {CA8EEB00-F61C-4E60-BC8E-1C031008A505}
		{9BB400CB-EE8D-4DA8-9EDB-B5B115757614} = {CA8EEB00-F61C-4E60-BC8E-1C031008A505}
		{FC1A25E5-960F-46B5-AFCC-5F4F79DF1E54} = {39F7F011-8791-4B84-952E-4D1121078C8E}
		{A347BAC1-8902-4403-A197-49C795598422} = {39F7F011-8791-4B84-952E-4D1121078C8E}
		{39F7F011-8791-4B84-952E-4D1121078C8E} = {CA8EEB00-F61C-4E60-BC8E-1C031008A505}
		{5A4CE9FF-7C88-456A-AAE9-DFF983376210} = {CA8EEB00-F61C-4E60-BC8E-1C031008A505}
		{88BB81E0-39D1-4527-9049-212E32BE98F7} = {CA8EEB00-F61C-4E60-BC8E-1C031008A505}
		{6C28A55A-861E-465C-901E-F893DEF3BE33} = {CA8EEB00-F61C-4E60-BC8E-1C031008A505}
		{EC81393D-DF19-442B-87D3-BC150A823D6C} = {FA035891-A7AB-4B85-A8B2-7139631E3997}
		{6139F5BE-220C-4BC7-9B22-1DE4F4E652D0} = {FA035891-A7AB-4B85-A8B2-7139631E3997}
		{06BD8C09-1138-464C-B0AF-22C0EEC2B92F} = {9BBD6AEC-65B3-487B-A601-033600378583}
		{3B39E1D8-F25A-415D-9087-DDA1EB84B2EF} = {9BBD6AEC-65B3-487B-A601-033600378583}
		{4ACD48FA-F41B-44FD-AD7E-F1FB100ACA88} = {9BBD6AEC-65B3-487B-A601-033600378583}
		{AF00FF1E-655B-46A7-B131-7E026057CED8} = {9BBD6AEC-65B3-487B-A601-033600378583}
	EndGlobalSection
	GlobalSection(ExtensibilityGlobals) = postSolution
		SolutionGuid = {CEB846EC-4F41-4917-84C6-D0332E61A49C}
	EndGlobalSection
EndGlobal
